
Microsoft Visual Studio Solution File, Format Version 12.00
# Visual Studio Version 16
VisualStudioVersion = 16.0.30611.23
MinimumVisualStudioVersion = 10.0.40219.1
Project("{FAE04EC0-301F-11D3-BF4B-00C04F79EFBC}") = "Vidly", "Vidly.csproj", "{4536237E-FBEC-44DE-87BF-ECE98974181E}"
EndProject
Global
	GlobalSection(SolutionConfigurationPlatforms) = preSolution
		Debug|Any CPU = Debug|Any CPU
		Release|Any CPU = Release|Any CPU
	EndGlobalSection
	GlobalSection(ProjectConfigurationPlatforms) = postSolution
		{4536237E-FBEC-44DE-87BF-ECE98974181E}.Debug|Any CPU.ActiveCfg = Debug|Any CPU
		{4536237E-FBEC-44DE-87BF-ECE98974181E}.Debug|Any CPU.Build.0 = Debug|Any CPU
		{4536237E-FBEC-44DE-87BF-ECE98974181E}.Release|Any CPU.ActiveCfg = Release|Any CPU
		{4536237E-FBEC-44DE-87BF-ECE98974181E}.Release|Any CPU.Build.0 = Release|Any CPU
	EndGlobalSection
	GlobalSection(SolutionProperties) = preSolution
		HideSolutionNode = FALSE
	EndGlobalSection
	GlobalSection(ExtensibilityGlobals) = postSolution
		SolutionGuid = {5D3168A6-79CF-45CA-9978-DE26E8F1028D}
	EndGlobalSection
EndGlobal
